PODS:
  - Alamofire (4.8.1)
  - AlamofireImage (3.5.0):
    - Alamofire (~> 4.8)
  - SnapKit (4.2.0)
  - SVProgressHUD (2.2.5)
  - SwiftDate (5.1.0)
  - SwiftSoup (1.7.4)
  - SwiftyJSON (4.2.0)

DEPENDENCIES:
  - Alamofire
  - AlamofireImage (~> 3.5)
  - SnapKit
  - SVProgressHUD
  - SwiftDate (~> 5.0)
  - SwiftSoup
  - SwiftyJSON (~> 4.0)

SPEC REPOS:
  https://github.com/cocoapods/specs.git:
    - Alamofire
    - AlamofireImage
    - SnapKit
    - SVProgressHUD
    - SwiftDate
    - SwiftSoup
    - SwiftyJSON

SPEC CHECKSUMS:
  Alamofire: 16ce2c353fb72865124ddae8a57c5942388f4f11
  AlamofireImage: 1aea346f4dda2f6c67622fa5a89fcbb80d79cc16
  SnapKit: fe8a619752f3f27075cc9a90244d75c6c3f27e2a
  SVProgressHUD: 1428aafac632c1f86f62aa4243ec12008d7a51d6
  SwiftDate: 6329e58969a2de31cea7f1ee1143b247693196e7
  SwiftSoup: 92f5b348c131aed8af04f4326db1579ab19fa08c
  SwiftyJSON: c4bcba26dd9ec7a027fc8eade48e2c911f229e96

PODFILE CHECKSUM: cf013f31bfbf7ee0d547973b10c0e6eb444ab31b

COCOAPODS: 1.5.3
